
Microsoft Visual Studio Solution File, Format Version 12.00
# Visual Studio Version 17
VisualStudioVersion = 17.8.34511.84
MinimumVisualStudioVersion = 10.0.40219.1
Project("{FAE04EC0-301F-11D3-BF4B-00C04F79EFBC}") = "VoyagerWebApi", "VoyagerWebApi\VoyagerWebApi.csproj", "{F510387F-4035-49BE-A58A-71CB392D2F3E}"
EndProject
Global
	GlobalSection(SolutionConfigurationPlatforms) = preSolution
		Debug|Any CPU = Debug|Any CPU
		Release|Any CPU = Release|Any CPU
	EndGlobalSection
	GlobalSection(ProjectConfigurationPlatforms) = postSolution
		{F510387F-4035-49BE-A58A-71CB392D2F3E}.Debug|Any CPU.ActiveCfg = Debug|Any CPU
		{F510387F-4035-49BE-A58A-71CB392D2F3E}.Debug|Any CPU.Build.0 = Debug|Any CPU
		{F510387F-4035-49BE-A58A-71CB392D2F3E}.Release|Any CPU.ActiveCfg = Release|Any CPU
		{F510387F-4035-49BE-A58A-71CB392D2F3E}.Release|Any CPU.Build.0 = Release|Any CPU
	EndGlobalSection
	GlobalSection(SolutionProperties) = preSolution
		HideSolutionNode = FALSE
	EndGlobalSection
	GlobalSection(ExtensibilityGlobals) = postSolution
		SolutionGuid = {A109C511-358C-491A-95D7-AD0F78AEB0CB}
	EndGlobalSection
EndGlobal
